
Microsoft Visual Studio Solution File, Format Version 12.00
# Visual Studio Version 17
VisualStudioVersion = 17.1.32421.90
MinimumVisualStudioVersion = 10.0.40219.1
Project("{9A19103F-16F7-4668-BE54-9A1E7A4F7556}") = "SuperDB", "SuperDB\SuperDB.csproj", "{454FE959-B6B3-440E-B0D7-01ED3E8C361D}"
EndProject
Project("{9A19103F-16F7-4668-BE54-9A1E7A4F7556}") = "SuperDB.CLI", "SuperDB.CLI\SuperDB.CLI.csproj", "{6654A072-CA2D-4A50-B421-84C8FC12C0D7}"
EndProject
Project("{9A19103F-16F7-4668-BE54-9A1E7A4F7556}") = "SuperDB.Tests", "SuperDB.Tests\SuperDB.Tests.csproj", "{02C3DEBE-0FB9-4E1A-BFCB-3958F5BF04DA}"
EndProject
Global
	GlobalSection(SolutionConfigurationPlatforms) = preSolution
		Debug|Any CPU = Debug|Any CPU
		Release|Any CPU = Release|Any CPU
	EndGlobalSection
	GlobalSection(ProjectConfigurationPlatforms) = postSolution
		{454FE959-B6B3-440E-B0D7-01ED3E8C361D}.Debug|Any CPU.ActiveCfg = Debug|Any CPU
		{454FE959-B6B3-440E-B0D7-01ED3E8C361D}.Debug|Any CPU.Build.0 = Debug|Any CPU
		{454FE959-B6B3-440E-B0D7-01ED3E8C361D}.Release|Any CPU.ActiveCfg = Release|Any CPU
		{454FE959-B6B3-440E-B0D7-01ED3E8C361D}.Release|Any CPU.Build.0 = Release|Any CPU
		{6654A072-CA2D-4A50-B421-84C8FC12C0D7}.Debug|Any CPU.ActiveCfg = Debug|Any CPU
		{6654A072-CA2D-4A50-B421-84C8FC12C0D7}.Debug|Any CPU.Build.0 = Debug|Any CPU
		{6654A072-CA2D-4A50-B421-84C8FC12C0D7}.Release|Any CPU.ActiveCfg = Release|Any CPU
		{6654A072-CA2D-4A50-B421-84C8FC12C0D7}.Release|Any CPU.Build.0 = Release|Any CPU
		{02C3DEBE-0FB9-4E1A-BFCB-3958F5BF04DA}.Debug|Any CPU.ActiveCfg = Debug|Any CPU
		{02C3DEBE-0FB9-4E1A-BFCB-3958F5BF04DA}.Debug|Any CPU.Build.0 = Debug|Any CPU
		{02C3DEBE-0FB9-4E1A-BFCB-3958F5BF04DA}.Release|Any CPU.ActiveCfg = Release|Any CPU
		{02C3DEBE-0FB9-4E1A-BFCB-3958F5BF04DA}.Release|Any CPU.Build.0 = Release|Any CPU
	EndGlobalSection
	GlobalSection(SolutionProperties) = preSolution
		HideSolutionNode = FALSE
	EndGlobalSection
	GlobalSection(ExtensibilityGlobals) = postSolution
		SolutionGuid = {F38F537A-04D7-43FC-BEB0-2432C3BFE09E}
	EndGlobalSection
EndGlobal
